
Microsoft Visual Studio Solution File, Format Version 12.00
# Visual Studio Version 17
VisualStudioVersion = 17.0.31903.59
MinimumVisualStudioVersion = 10.0.40219.1
Project("{9A19103F-16F7-4668-BE54-9A1E7A4F7556}") = "Domain", "src\Domain\Domain.csproj", "{021A2B54-3620-4227-8A9C-233F2B14702C}"
EndProject
Project("{2150E333-8FDC-42A3-9474-1A3956D46DE8}") = "src", "src", "{AD52CBC1-B985-4785-A84B-5F7D3CD7EADB}"
EndProject
Project("{9A19103F-16F7-4668-BE54-9A1E7A4F7556}") = "Application", "src\Application\Application.csproj", "{875189DB-AFF4-4710-8868-94FF4DC96D72}"
EndProject
Project("{9A19103F-16F7-4668-BE54-9A1E7A4F7556}") = "Infrastructure", "src\Infrastructure\Infrastructure.csproj", "{90B912BA-EF08-43D5-BDEF-823F25F1A6C2}"
EndProject
Project("{9A19103F-16F7-4668-BE54-9A1E7A4F7556}") = "Presentation", "src\Presentation\Presentation.csproj", "{7AD58A77-7132-472F-AD84-292EC439C667}"
EndProject
Project("{9A19103F-16F7-4668-BE54-9A1E7A4F7556}") = "WebApi", "src\WebApi\WebApi.csproj", "{DF22E582-4F82-47E7-8BBA-B801D1BB1793}"
EndProject
Global
	GlobalSection(SolutionConfigurationPlatforms) = preSolution
		Debug|Any CPU = Debug|Any CPU
		Release|Any CPU = Release|Any CPU
	EndGlobalSection
	GlobalSection(ProjectConfigurationPlatforms) = postSolution
		{021A2B54-3620-4227-8A9C-233F2B14702C}.Debug|Any CPU.ActiveCfg = Debug|Any CPU
		{021A2B54-3620-4227-8A9C-233F2B14702C}.Debug|Any CPU.Build.0 = Debug|Any CPU
		{021A2B54-3620-4227-8A9C-233F2B14702C}.Release|Any CPU.ActiveCfg = Release|Any CPU
		{021A2B54-3620-4227-8A9C-233F2B14702C}.Release|Any CPU.Build.0 = Release|Any CPU
		{875189DB-AFF4-4710-8868-94FF4DC96D72}.Debug|Any CPU.ActiveCfg = Debug|Any CPU
		{875189DB-AFF4-4710-8868-94FF4DC96D72}.Debug|Any CPU.Build.0 = Debug|Any CPU
		{875189DB-AFF4-4710-8868-94FF4DC96D72}.Release|Any CPU.ActiveCfg = Release|Any CPU
		{875189DB-AFF4-4710-8868-94FF4DC96D72}.Release|Any CPU.Build.0 = Release|Any CPU
		{90B912BA-EF08-43D5-BDEF-823F25F1A6C2}.Debug|Any CPU.ActiveCfg = Debug|Any CPU
		{90B912BA-EF08-43D5-BDEF-823F25F1A6C2}.Debug|Any CPU.Build.0 = Debug|Any CPU
		{90B912BA-EF08-43D5-BDEF-823F25F1A6C2}.Release|Any CPU.ActiveCfg = Release|Any CPU
		{90B912BA-EF08-43D5-BDEF-823F25F1A6C2}.Release|Any CPU.Build.0 = Release|Any CPU
		{7AD58A77-7132-472F-AD84-292EC439C667}.Debug|Any CPU.ActiveCfg = Debug|Any CPU
		{7AD58A77-7132-472F-AD84-292EC439C667}.Debug|Any CPU.Build.0 = Debug|Any CPU
		{7AD58A77-7132-472F-AD84-292EC439C667}.Release|Any CPU.ActiveCfg = Release|Any CPU
		{7AD58A77-7132-472F-AD84-292EC439C667}.Release|Any CPU.Build.0 = Release|Any CPU
		{DF22E582-4F82-47E7-8BBA-B801D1BB1793}.Debug|Any CPU.ActiveCfg = Debug|Any CPU
		{DF22E582-4F82-47E7-8BBA-B801D1BB1793}.Debug|Any CPU.Build.0 = Debug|Any CPU
		{DF22E582-4F82-47E7-8BBA-B801D1BB1793}.Release|Any CPU.ActiveCfg = Release|Any CPU
		{DF22E582-4F82-47E7-8BBA-B801D1BB1793}.Release|Any CPU.Build.0 = Release|Any CPU
	EndGlobalSection
	GlobalSection(SolutionProperties) = preSolution
		HideSolutionNode = FALSE
	EndGlobalSection
	GlobalSection(NestedProjects) = preSolution
		{021A2B54-3620-4227-8A9C-233F2B14702C} = {AD52CBC1-B985-4785-A84B-5F7D3CD7EADB}
		{875189DB-AFF4-4710-8868-94FF4DC96D72} = {AD52CBC1-B985-4785-A84B-5F7D3CD7EADB}
		{90B912BA-EF08-43D5-BDEF-823F25F1A6C2} = {AD52CBC1-B985-4785-A84B-5F7D3CD7EADB}
		{7AD58A77-7132-472F-AD84-292EC439C667} = {AD52CBC1-B985-4785-A84B-5F7D3CD7EADB}
		{DF22E582-4F82-47E7-8BBA-B801D1BB1793} = {AD52CBC1-B985-4785-A84B-5F7D3CD7EADB}
	EndGlobalSection
	GlobalSection(ExtensibilityGlobals) = postSolution
		SolutionGuid = {B76FB70E-2A3A-42FF-ACAF-AF79B686ECC8}
	EndGlobalSection
EndGlobal
